// !$*UTF8*$!
{
	archiveVersion = 1;
	classes = {
	};
	objectVersion = 56;
	objects = {

/* Begin PBXBuildFile section */
		D047AC792BC9F3D800F3D3AB /* IOS_Code_ChallengeApp.swift in Sources */ = {isa = PBXBuildFile; fileRef = D047AC782BC9F3D800F3D3AB /* IOS_Code_ChallengeApp.swift */; };
		D047AC7B2BC9F3D800F3D3AB /* ContentView.swift in Sources */ = {isa = PBXBuildFile; fileRef = D047AC7A2BC9F3D800F3D3AB /* ContentView.swift */; };
		D047AC7D2BC9F3D900F3D3AB /* Assets.xcassets in Resources */ = {isa = PBXBuildFile; fileRef = D047AC7C2BC9F3D900F3D3AB /* Assets.xcassets */; };
		D047AC802BC9F3D900F3D3AB /* Preview Assets.xcassets in Resources */ = {isa = PBXBuildFile; fileRef = D047AC7F2BC9F3D900F3D3AB /* Preview Assets.xcassets */; };
		D047AC8A2BC9F3D900F3D3AB /* IOS_Code_ChallengeTests.swift in Sources */ = {isa = PBXBuildFile; fileRef = D047AC892BC9F3D900F3D3AB /* IOS_Code_ChallengeTests.swift */; };
		D047AC942BC9F3D900F3D3AB /* IOS_Code_ChallengeUITests.swift in Sources */ = {isa = PBXBuildFile; fileRef = D047AC932BC9F3D900F3D3AB /* IOS_Code_ChallengeUITests.swift */; };
		D047AC962BC9F3D900F3D3AB /* IOS_Code_ChallengeUITestsLaunchTests.swift in Sources */ = {isa = PBXBuildFile; fileRef = D047AC952BC9F3D900F3D3AB /* IOS_Code_ChallengeUITestsLaunchTests.swift */; };
/* End PBXBuildFile section */

/* Begin PBXContainerItemProxy section */
		D047AC862BC9F3D900F3D3AB /* PBXContainerItemProxy */ = {
			isa = PBXContainerItemProxy;
			containerPortal = D047AC6D2BC9F3D800F3D3AB /* Project object */;
			proxyType = 1;
			remoteGlobalIDString = D047AC742BC9F3D800F3D3AB;
			remoteInfo = "IOS Code Challenge";
		};
		D047AC902BC9F3D900F3D3AB /* PBXContainerItemProxy */ = {
			isa = PBXContainerItemProxy;
			containerPortal = D047AC6D2BC9F3D800F3D3AB /* Project object */;
			proxyType = 1;
			remoteGlobalIDString = D047AC742BC9F3D800F3D3AB;
			remoteInfo = "IOS Code Challenge";
		};
/* End PBXContainerItemProxy section */

/* Begin PBXFileReference section */
		D047AC752BC9F3D800F3D3AB /* IOS Code Challenge.app */ = {isa = PBXFileReference; explicitFileType = wrapper.application; includeInIndex = 0; path = "IOS Code Challenge.app"; sourceTree = BUILT_PRODUCTS_DIR; };
		D047AC782BC9F3D800F3D3AB /* IOS_Code_ChallengeApp.swift */ = {isa = PBXFileReference; lastKnownFileType = sourcecode.swift; path = IOS_Code_ChallengeApp.swift; sourceTree = "<group>"; };
		D047AC7A2BC9F3D800F3D3AB /* ContentView.swift */ = {isa = PBXFileReference; lastKnownFileType = sourcecode.swift; path = ContentView.swift; sourceTree = "<group>"; };
		D047AC7C2BC9F3D900F3D3AB /* Assets.xcassets */ = {isa = PBXFileReference; lastKnownFileType = folder.assetcatalog; path = Assets.xcassets; sourceTree = "<group>"; };
		D047AC7F2BC9F3D900F3D3AB /* Preview Assets.xcassets */ = {isa = PBXFileReference; lastKnownFileType = folder.assetcatalog; path = "Preview Assets.xcassets"; sourceTree = "<group>"; };
		D047AC852BC9F3D900F3D3AB /* IOS Code ChallengeTests.xctest */ = {isa = PBXFileReference; explicitFileType = wrapper.cfbundle; includeInIndex = 0; path = "IOS Code ChallengeTests.xctest"; sourceTree = BUILT_PRODUCTS_DIR; };
		D047AC892BC9F3D900F3D3AB /* IOS_Code_ChallengeTests.swift */ = {isa = PBXFileReference; lastKnownFileType = sourcecode.swift; path = IOS_Code_ChallengeTests.swift; sourceTree = "<group>"; };
		D047AC8F2BC9F3D900F3D3AB /* IOS Code ChallengeUITests.xctest */ = {isa = PBXFileReference; explicitFileType = wrapper.cfbundle; includeInIndex = 0; path = "IOS Code ChallengeUITests.xctest"; sourceTree = BUILT_PRODUCTS_DIR; };
		D047AC932BC9F3D900F3D3AB /* IOS_Code_ChallengeUITests.swift */ = {isa = PBXFileReference; lastKnownFileType = sourcecode.swift; path = IOS_Code_ChallengeUITests.swift; sourceTree = "<group>"; };
		D047AC952BC9F3D900F3D3AB /* IOS_Code_ChallengeUITestsLaunchTests.swift */ = {isa = PBXFileReference; lastKnownFileType = sourcecode.swift; path = IOS_Code_ChallengeUITestsLaunchTests.swift; sourceTree = "<group>"; };
/* End PBXFileReference section */

/* Begin PBXFrameworksBuildPhase section */
		D047AC722BC9F3D800F3D3AB /* Frameworks */ = {
			isa = PBXFrameworksBuildPhase;
			buildActionMask = 2147483647;
			files = (
			);
			runOnlyForDeploymentPostprocessing = 0;
		};
		D047AC822BC9F3D900F3D3AB /* Frameworks */ = {
			isa = PBXFrameworksBuildPhase;
			buildActionMask = 2147483647;
			files = (
			);
			runOnlyForDeploymentPostprocessing = 0;
		};
		D047AC8C2BC9F3D900F3D3AB /* Frameworks */ = {
			isa = PBXFrameworksBuildPhase;
			buildActionMask = 2147483647;
			files = (
			);
			runOnlyForDeploymentPostprocessing = 0;
		};
/* End PBXFrameworksBuildPhase section */

/* Begin PBXGroup section */
		D0211B7F2BCA011500175B1D /* Network */ = {
			isa = PBXGroup;
			children = (
			);
			path = Network;
			sourceTree = "<group>";
		};
		D0211B802BCA017F00175B1D /* Model */ = {
			isa = PBXGroup;
			children = (
			);
			path = Model;
			sourceTree = "<group>";
		};
		D0211B812BCA018800175B1D /* Title View */ = {
			isa = PBXGroup;
			children = (
			);
			path = "Title View";
			sourceTree = "<group>";
		};
		D0211B822BCA019900175B1D /* Detail View */ = {
			isa = PBXGroup;
			children = (
			);
			path = "Detail View";
			sourceTree = "<group>";
		};
		D047AC6C2BC9F3D800F3D3AB = {
			isa = PBXGroup;
			children = (
				D047AC772BC9F3D800F3D3AB /* IOS Code Challenge */,
				D047AC882BC9F3D900F3D3AB /* IOS Code ChallengeTests */,
				D047AC922BC9F3D900F3D3AB /* IOS Code ChallengeUITests */,
				D047AC762BC9F3D800F3D3AB /* Products */,
			);
			sourceTree = "<group>";
		};
		D047AC762BC9F3D800F3D3AB /* Products */ = {
			isa = PBXGroup;
			children = (
				D047AC752BC9F3D800F3D3AB /* IOS Code Challenge.app */,
				D047AC852BC9F3D900F3D3AB /* IOS Code ChallengeTests.xctest */,
				D047AC8F2BC9F3D900F3D3AB /* IOS Code ChallengeUITests.xctest */,
			);
			name = Products;
			sourceTree = "<group>";
		};
		D047AC772BC9F3D800F3D3AB /* IOS Code Challenge */ = {
			isa = PBXGroup;
			children = (
				D0211B822BCA019900175B1D /* Detail View */,
				D0211B812BCA018800175B1D /* Title View */,
				D0211B802BCA017F00175B1D /* Model */,
				D0211B7F2BCA011500175B1D /* Network */,
				D047AC782BC9F3D800F3D3AB /* IOS_Code_ChallengeApp.swift */,
				D047AC7A2BC9F3D800F3D3AB /* ContentView.swift */,
				D047AC7C2BC9F3D900F3D3AB /* Assets.xcassets */,
				D047AC7E2BC9F3D900F3D3AB /* Preview Content */,
			);
			path = "IOS Code Challenge";
			sourceTree = "<group>";
		};
		D047AC7E2BC9F3D900F3D3AB /* Preview Content */ = {
			isa = PBXGroup;
			children = (
				D047AC7F2BC9F3D900F3D3AB /* Preview Assets.xcassets */,
			);
			path = "Preview Content";
			sourceTree = "<group>";
		};
		D047AC882BC9F3D900F3D3AB /* IOS Code ChallengeTests */ = {
			isa = PBXGroup;
			children = (
				D047AC892BC9F3D900F3D3AB /* IOS_Code_ChallengeTests.swift */,
			);
			path = "IOS Code ChallengeTests";
			sourceTree = "<group>";
		};
		D047AC922BC9F3D900F3D3AB /* IOS Code ChallengeUITests */ = {
			isa = PBXGroup;
			children = (
				D047AC932BC9F3D900F3D3AB /* IOS_Code_ChallengeUITests.swift */,
				D047AC952BC9F3D900F3D3AB /* IOS_Code_ChallengeUITestsLaunchTests.swift */,
			);
			path = "IOS Code ChallengeUITests";
			sourceTree = "<group>";
		};
/* End PBXGroup section */

/* Begin PBXNativeTarget section */
		D047AC742BC9F3D800F3D3AB /* IOS Code Challenge */ = {
			isa = PBXNativeTarget;
			buildConfigurationList = D047AC992BC9F3D900F3D3AB /* Build configuration list for PBXNativeTarget "IOS Code Challenge" */;
			buildPhases = (
				D047AC712BC9F3D800F3D3AB /* Sources */,
				D047AC722BC9F3D800F3D3AB /* Frameworks */,
				D047AC732BC9F3D800F3D3AB /* Resources */,
			);
			buildRules = (
			);
			dependencies = (
			);
			name = "IOS Code Challenge";
			productName = "IOS Code Challenge";
			productReference = D047AC752BC9F3D800F3D3AB /* IOS Code Challenge.app */;
			productType = "com.apple.product-type.application";
		};
		D047AC842BC9F3D900F3D3AB /* IOS Code ChallengeTests */ = {
			isa = PBXNativeTarget;
			buildConfigurationList = D047AC9C2BC9F3D900F3D3AB /* Build configuration list for PBXNativeTarget "IOS Code ChallengeTests" */;
			buildPhases = (
				D047AC812BC9F3D900F3D3AB /* Sources */,
				D047AC822BC9F3D900F3D3AB /* Frameworks */,
				D047AC832BC9F3D900F3D3AB /* Resources */,
			);
			buildRules = (
			);
			dependencies = (
				D047AC872BC9F3D900F3D3AB /* PBXTargetDependency */,
			);
			name = "IOS Code ChallengeTests";
			productName = "IOS Code ChallengeTests";
			productReference = D047AC852BC9F3D900F3D3AB /* IOS Code ChallengeTests.xctest */;
			productType = "com.apple.product-type.bundle.unit-test";
		};
		D047AC8E2BC9F3D900F3D3AB /* IOS Code ChallengeUITests */ = {
			isa = PBXNativeTarget;
			buildConfigurationList = D047AC9F2BC9F3D900F3D3AB /* Build configuration list for PBXNativeTarget "IOS Code ChallengeUITests" */;
			buildPhases = (
				D047AC8B2BC9F3D900F3D3AB /* Sources */,
				D047AC8C2BC9F3D900F3D3AB /* Frameworks */,
				D047AC8D2BC9F3D900F3D3AB /* Resources */,
			);
			buildRules = (
			);
			dependencies = (
				D047AC912BC9F3D900F3D3AB /* PBXTargetDependency */,
			);
			name = "IOS Code ChallengeUITests";
			productName = "IOS Code ChallengeUITests";
			productReference = D047AC8F2BC9F3D900F3D3AB /* IOS Code ChallengeUITests.xctest */;
			productType = "com.apple.product-type.bundle.ui-testing";
		};
/* End PBXNativeTarget section */

/* Begin PBXProject section */
		D047AC6D2BC9F3D800F3D3AB /* Project object */ = {
			isa = PBXProject;
			attributes = {
				BuildIndependentTargetsInParallel = 1;
				LastSwiftUpdateCheck = 1530;
				LastUpgradeCheck = 1530;
				TargetAttributes = {
					D047AC742BC9F3D800F3D3AB = {
						CreatedOnToolsVersion = 15.3;
					};
					D047AC842BC9F3D900F3D3AB = {
						CreatedOnToolsVersion = 15.3;
						TestTargetID = D047AC742BC9F3D800F3D3AB;
					};
					D047AC8E2BC9F3D900F3D3AB = {
						CreatedOnToolsVersion = 15.3;
						TestTargetID = D047AC742BC9F3D800F3D3AB;
					};
				};
			};
			buildConfigurationList = D047AC702BC9F3D800F3D3AB /* Build configuration list for PBXProject "IOS Code Challenge" */;
			compatibilityVersion = "Xcode 14.0";
			developmentRegion = en;
			hasScannedForEncodings = 0;
			knownRegions = (
				en,
				Base,
			);
			mainGroup = D047AC6C2BC9F3D800F3D3AB;
			productRefGroup = D047AC762BC9F3D800F3D3AB /* Products */;
			projectDirPath = "";
			projectRoot = "";
			targets = (
				D047AC742BC9F3D800F3D3AB /* IOS Code Challenge */,
				D047AC842BC9F3D900F3D3AB /* IOS Code ChallengeTests */,
				D047AC8E2BC9F3D900F3D3AB /* IOS Code ChallengeUITests */,
			);
		};
/* End PBXProject section */

/* Begin PBXResourcesBuildPhase section */
		D047AC732BC9F3D800F3D3AB /* Resources */ = {
			isa = PBXResourcesBuildPhase;
			buildActionMask = 2147483647;
			files = (
				D047AC802BC9F3D900F3D3AB /* Preview Assets.xcassets in Resources */,
				D047AC7D2BC9F3D900F3D3AB /* Assets.xcassets in Resources */,
			);
			runOnlyForDeploymentPostprocessing = 0;
		};
		D047AC832BC9F3D900F3D3AB /* Resources */ = {
			isa = PBXResourcesBuildPhase;
			buildActionMask = 2147483647;
			files = (
			);
			runOnlyForDeploymentPostprocessing = 0;
		};
		D047AC8D2BC9F3D900F3D3AB /* Resources */ = {
			isa = PBXResourcesBuildPhase;
			buildActionMask = 2147483647;
			files = (
			);
			runOnlyForDeploymentPostprocessing = 0;
		};
/* End PBXResourcesBuildPhase section */

/* Begin PBXSourcesBuildPhase section */
		D047AC712BC9F3D800F3D3AB /* Sources */ = {
			isa = PBXSourcesBuildPhase;
			buildActionMask = 2147483647;
			files = (
				D047AC7B2BC9F3D800F3D3AB /* ContentView.swift in Sources */,
				D047AC792BC9F3D800F3D3AB /* IOS_Code_ChallengeApp.swift in Sources */,
			);
			runOnlyForDeploymentPostprocessing = 0;
		};
		D047AC812BC9F3D900F3D3AB /* Sources */ = {
			isa = PBXSourcesBuildPhase;
			buildActionMask = 2147483647;
			files = (
				D047AC8A2BC9F3D900F3D3AB /* IOS_Code_ChallengeTests.swift in Sources */,
			);
			runOnlyForDeploymentPostprocessing = 0;
		};
		D047AC8B2BC9F3D900F3D3AB /* Sources */ = {
			isa = PBXSourcesBuildPhase;
			buildActionMask = 2147483647;
			files = (
				D047AC942BC9F3D900F3D3AB /* IOS_Code_ChallengeUITests.swift in Sources */,
				D047AC962BC9F3D900F3D3AB /* IOS_Code_ChallengeUITestsLaunchTests.swift in Sources */,
			);
			runOnlyForDeploymentPostprocessing = 0;
		};
/* End PBXSourcesBuildPhase section */

/* Begin PBXTargetDependency section */
		D047AC872BC9F3D900F3D3AB /* PBXTargetDependency */ = {
			isa = PBXTargetDependency;
			target = D047AC742BC9F3D800F3D3AB /* IOS Code Challenge */;
			targetProxy = D047AC862BC9F3D900F3D3AB /* PBXContainerItemProxy */;
		};
		D047AC912BC9F3D900F3D3AB /* PBXTargetDependency */ = {
			isa = PBXTargetDependency;
			target = D047AC742BC9F3D800F3D3AB /* IOS Code Challenge */;
			targetProxy = D047AC902BC9F3D900F3D3AB /* PBXContainerItemProxy */;
		};
/* End PBXTargetDependency section */

/* Begin XCBuildConfiguration section */
		D047AC972BC9F3D900F3D3AB /* Debug */ = {
			isa = XCBuildConfiguration;
			buildSettings = {
				ALWAYS_SEARCH_USER_PATHS = NO;
				ASSETCATALOG_COMPILER_GENERATE_SWIFT_ASSET_SYMBOL_EXTENSIONS = YES;
				CLANG_ANALYZER_NONNULL = YES;
				CLANG_ANALYZER_NUMBER_OBJECT_CONVERSION = YES_AGGRESSIVE;
				CLANG_CXX_LANGUAGE_STANDARD = "gnu++20";
				CLANG_ENABLE_MODULES = YES;
				CLANG_ENABLE_OBJC_ARC = YES;
				CLANG_ENABLE_OBJC_WEAK = YES;
				CLANG_WARN_BLOCK_CAPTURE_AUTORELEASING = YES;
				CLANG_WARN_BOOL_CONVERSION = YES;
				CLANG_WARN_COMMA = YES;
				CLANG_WARN_CONSTANT_CONVERSION = YES;
				CLANG_WARN_DEPRECATED_OBJC_IMPLEMENTATIONS = YES;
				CLANG_WARN_DIRECT_OBJC_ISA_USAGE = YES_ERROR;
				CLANG_WARN_DOCUMENTATION_COMMENTS = YES;
				CLANG_WARN_EMPTY_BODY = YES;
				CLANG_WARN_ENUM_CONVERSION = YES;
				CLANG_WARN_INFINITE_RECURSION = YES;
				CLANG_WARN_INT_CONVERSION = YES;
				CLANG_WARN_NON_LITERAL_NULL_CONVERSION = YES;
				CLANG_WARN_OBJC_IMPLICIT_RETAIN_SELF = YES;
				CLANG_WARN_OBJC_LITERAL_CONVERSION = YES;
				CLANG_WARN_OBJC_ROOT_CLASS = YES_ERROR;
				CLANG_WARN_QUOTED_INCLUDE_IN_FRAMEWORK_HEADER = YES;
				CLANG_WARN_RANGE_LOOP_ANALYSIS = YES;
				CLANG_WARN_STRICT_PROTOTYPES = YES;
				CLANG_WARN_SUSPICIOUS_MOVE = YES;
				CLANG_WARN_UNGUARDED_AVAILABILITY = YES_AGGRESSIVE;
				CLANG_WARN_UNREACHABLE_CODE = YES;
				CLANG_WARN__DUPLICATE_METHOD_MATCH = YES;
				COPY_PHASE_STRIP = NO;
				DEBUG_INFORMATION_FORMAT = dwarf;
				ENABLE_STRICT_OBJC_MSGSEND = YES;
				ENABLE_TESTABILITY = YES;
				ENABLE_USER_SCRIPT_SANDBOXING = YES;
				GCC_C_LANGUAGE_STANDARD = gnu17;
				GCC_DYNAMIC_NO_PIC = NO;
				GCC_NO_COMMON_BLOCKS = YES;
				GCC_OPTIMIZATION_LEVEL = 0;
				GCC_PREPROCESSOR_DEFINITIONS = (
					"DEBUG=1",
					"$(inherited)",
				);
				GCC_WARN_64_TO_32_BIT_CONVERSION = YES;
				GCC_WARN_ABOUT_RETURN_TYPE = YES_ERROR;
				GCC_WARN_UNDECLARED_SELECTOR = YES;
				GCC_WARN_UNINITIALIZED_AUTOS = YES_AGGRESSIVE;
				GCC_WARN_UNUSED_FUNCTION = YES;
				GCC_WARN_UNUSED_VARIABLE = YES;
				IPHONEOS_DEPLOYMENT_TARGET = 17.4;
				LOCALIZATION_PREFERS_STRING_CATALOGS = YES;
				MTL_ENABLE_DEBUG_INFO = INCLUDE_SOURCE;
				MTL_FAST_MATH = YES;
				ONLY_ACTIVE_ARCH = YES;
				SDKROOT = iphoneos;
				SWIFT_ACTIVE_COMPILATION_CONDITIONS = "DEBUG $(inherited)";
				SWIFT_OPTIMIZATION_LEVEL = "-Onone";
			};
			name = Debug;
		};
		D047AC982BC9F3D900F3D3AB /* Release */ = {
			isa = XCBuildConfiguration;
			buildSettings = {
				ALWAYS_SEARCH_USER_PATHS = NO;
				ASSETCATALOG_COMPILER_GENERATE_SWIFT_ASSET_SYMBOL_EXTENSIONS = YES;
				CLANG_ANALYZER_NONNULL = YES;
				CLANG_ANALYZER_NUMBER_OBJECT_CONVERSION = YES_AGGRESSIVE;
				CLANG_CXX_LANGUAGE_STANDARD = "gnu++20";
				CLANG_ENABLE_MODULES = YES;
				CLANG_ENABLE_OBJC_ARC = YES;
				CLANG_ENABLE_OBJC_WEAK = YES;
				CLANG_WARN_BLOCK_CAPTURE_AUTORELEASING = YES;
				CLANG_WARN_BOOL_CONVERSION = YES;
				CLANG_WARN_COMMA = YES;
				CLANG_WARN_CONSTANT_CONVERSION = YES;
				CLANG_WARN_DEPRECATED_OBJC_IMPLEMENTATIONS = YES;
				CLANG_WARN_DIRECT_OBJC_ISA_USAGE = YES_ERROR;
				CLANG_WARN_DOCUMENTATION_COMMENTS = YES;
				CLANG_WARN_EMPTY_BODY = YES;
				CLANG_WARN_ENUM_CONVERSION = YES;
				CLANG_WARN_INFINITE_RECURSION = YES;
				CLANG_WARN_INT_CONVERSION = YES;
				CLANG_WARN_NON_LITERAL_NULL_CONVERSION = YES;
				CLANG_WARN_OBJC_IMPLICIT_RETAIN_SELF = YES;
				CLANG_WARN_OBJC_LITERAL_CONVERSION = YES;
				CLANG_WARN_OBJC_ROOT_CLASS = YES_ERROR;
				CLANG_WARN_QUOTED_INCLUDE_IN_FRAMEWORK_HEADER = YES;
				CLANG_WARN_RANGE_LOOP_ANALYSIS = YES;
				CLANG_WARN_STRICT_PROTOTYPES = YES;
				CLANG_WARN_SUSPICIOUS_MOVE = YES;
				CLANG_WARN_UNGUARDED_AVAILABILITY = YES_AGGRESSIVE;
				CLANG_WARN_UNREACHABLE_CODE = YES;
				CLANG_WARN__DUPLICATE_METHOD_MATCH = YES;
				COPY_PHASE_STRIP = NO;
				DEBUG_INFORMATION_FORMAT = "dwarf-with-dsym";
				ENABLE_NS_ASSERTIONS = NO;
				ENABLE_STRICT_OBJC_MSGSEND = YES;
				ENABLE_USER_SCRIPT_SANDBOXING = YES;
				GCC_C_LANGUAGE_STANDARD = gnu17;
				GCC_NO_COMMON_BLOCKS = YES;
				GCC_WARN_64_TO_32_BIT_CONVERSION = YES;
				GCC_WARN_ABOUT_RETURN_TYPE = YES_ERROR;
				GCC_WARN_UNDECLARED_SELECTOR = YES;
				GCC_WARN_UNINITIALIZED_AUTOS = YES_AGGRESSIVE;
				GCC_WARN_UNUSED_FUNCTION = YES;
				GCC_WARN_UNUSED_VARIABLE = YES;
				IPHONEOS_DEPLOYMENT_TARGET = 17.4;
				LOCALIZATION_PREFERS_STRING_CATALOGS = YES;
				MTL_ENABLE_DEBUG_INFO = NO;
				MTL_FAST_MATH = YES;
				SDKROOT = iphoneos;
				SWIFT_COMPILATION_MODE = wholemodule;
				VALIDATE_PRODUCT = YES;
			};
			name = Release;
		};
		D047AC9A2BC9F3D900F3D3AB /* Debug */ = {
			isa = XCBuildConfiguration;
			buildSettings = {
				ASSETCATALOG_COMPILER_APPICON_NAME = AppIcon;
				ASSETCATALOG_COMPILER_GLOBAL_ACCENT_COLOR_NAME = AccentColor;
				CODE_SIGN_STYLE = Automatic;
				CURRENT_PROJECT_VERSION = 1;
				DEVELOPMENT_ASSET_PATHS = "\"IOS Code Challenge/Preview Content\"";
				DEVELOPMENT_TEAM = T7283TTLGQ;
				ENABLE_PREVIEWS = YES;
				GENERATE_INFOPLIST_FILE = YES;
				INFOPLIST_KEY_UIApplicationSceneManifest_Generation = YES;
				INFOPLIST_KEY_UIApplicationSupportsIndirectInputEvents = YES;
				INFOPLIST_KEY_UILaunchScreen_Generation = YES;
				INFOPLIST_KEY_UISupportedInterfaceOrientations_iPad = "UIInterfaceOrientationPortrait UIInterfaceOrientationPortraitUpsideDown UIInterfaceOrientationLandscapeLeft UIInterfaceOrientationLandscapeRight";
				INFOPLIST_KEY_UISupportedInterfaceOrientations_iPhone = "UIInterfaceOrientationPortrait UIInterfaceOrientationLandscapeLeft UIInterfaceOrientationLandscapeRight";
				LD_RUNPATH_SEARCH_PATHS = (
					"$(inherited)",
					"@executable_path/Frameworks",
				);
				MARKETING_VERSION = 1.0;
				PRODUCT_BUNDLE_IDENTIFIER = "com.ricardoherrera.IOS-Code-Challenge";
				PRODUCT_NAME = "$(TARGET_NAME)";
				SWIFT_EMIT_LOC_STRINGS = YES;
				SWIFT_VERSION = 5.0;
				TARGETED_DEVICE_FAMILY = "1,2";
			};
			name = Debug;
		};
		D047AC9B2BC9F3D900F3D3AB /* Release */ = {
			isa = XCBuildConfiguration;
			buildSettings = {
				ASSETCATALOG_COMPILER_APPICON_NAME = AppIcon;
				ASSETCATALOG_COMPILER_GLOBAL_ACCENT_COLOR_NAME = AccentColor;
				CODE_SIGN_STYLE = Automatic;
				CURRENT_PROJECT_VERSION = 1;
				DEVELOPMENT_ASSET_PATHS = "\"IOS Code Challenge/Preview Content\"";
				DEVELOPMENT_TEAM = T7283TTLGQ;
				ENABLE_PREVIEWS = YES;
				GENERATE_INFOPLIST_FILE = YES;
				INFOPLIST_KEY_UIApplicationSceneManifest_Generation = YES;
				INFOPLIST_KEY_UIApplicationSupportsIndirectInputEvents = YES;
				INFOPLIST_KEY_UILaunchScreen_Generation = YES;
				INFOPLIST_KEY_UISupportedInterfaceOrientations_iPad = "UIInterfaceOrientationPortrait UIInterfaceOrientationPortraitUpsideDown UIInterfaceOrientationLandscapeLeft UIInterfaceOrientationLandscapeRight";
				INFOPLIST_KEY_UISupportedInterfaceOrientations_iPhone = "UIInterfaceOrientationPortrait UIInterfaceOrientationLandscapeLeft UIInterfaceOrientationLandscapeRight";
				LD_RUNPATH_SEARCH_PATHS = (
					"$(inherited)",
					"@executable_path/Frameworks",
				);
				MARKETING_VERSION = 1.0;
				PRODUCT_BUNDLE_IDENTIFIER = "com.ricardoherrera.IOS-Code-Challenge";
				PRODUCT_NAME = "$(TARGET_NAME)";
				SWIFT_EMIT_LOC_STRINGS = YES;
				SWIFT_VERSION = 5.0;
				TARGETED_DEVICE_FAMILY = "1,2";
			};
			name = Release;
		};
		D047AC9D2BC9F3D900F3D3AB /* Debug */ = {
			isa = XCBuildConfiguration;
			buildSettings = {
				ALWAYS_EMBED_SWIFT_STANDARD_LIBRARIES = YES;
				BUNDLE_LOADER = "$(TEST_HOST)";
				CODE_SIGN_STYLE = Automatic;
				CURRENT_PROJECT_VERSION = 1;
				DEVELOPMENT_TEAM = T7283TTLGQ;
				GENERATE_INFOPLIST_FILE = YES;
				IPHONEOS_DEPLOYMENT_TARGET = 17.4;
				MARKETING_VERSION = 1.0;
				PRODUCT_BUNDLE_IDENTIFIER = "com.ricardoherrera.IOS-Code-ChallengeTests";
				PRODUCT_NAME = "$(TARGET_NAME)";
				SWIFT_EMIT_LOC_STRINGS = NO;
				SWIFT_VERSION = 5.0;
				TARGETED_DEVICE_FAMILY = "1,2";
				TEST_HOST = "$(BUILT_PRODUCTS_DIR)/IOS Code Challenge.app/$(BUNDLE_EXECUTABLE_FOLDER_PATH)/IOS Code Challenge";
			};
			name = Debug;
		};
		D047AC9E2BC9F3D900F3D3AB /* Release */ = {
			isa = XCBuildConfiguration;
			buildSettings = {
				ALWAYS_EMBED_SWIFT_STANDARD_LIBRARIES = YES;
				BUNDLE_LOADER = "$(TEST_HOST)";
				CODE_SIGN_STYLE = Automatic;
				CURRENT_PROJECT_VERSION = 1;
				DEVELOPMENT_TEAM = T7283TTLGQ;
				GENERATE_INFOPLIST_FILE = YES;
				IPHONEOS_DEPLOYMENT_TARGET = 17.4;
				MARKETING_VERSION = 1.0;
				PRODUCT_BUNDLE_IDENTIFIER = "com.ricardoherrera.IOS-Code-ChallengeTests";
				PRODUCT_NAME = "$(TARGET_NAME)";
				SWIFT_EMIT_LOC_STRINGS = NO;
				SWIFT_VERSION = 5.0;
				TARGETED_DEVICE_FAMILY = "1,2";
				TEST_HOST = "$(BUILT_PRODUCTS_DIR)/IOS Code Challenge.app/$(BUNDLE_EXECUTABLE_FOLDER_PATH)/IOS Code Challenge";
			};
			name = Release;
		};
		D047ACA02BC9F3D900F3D3AB /* Debug */ = {
			isa = XCBuildConfiguration;
			buildSettings = {
				ALWAYS_EMBED_SWIFT_STANDARD_LIBRARIES = YES;
				CODE_SIGN_STYLE = Automatic;
				CURRENT_PROJECT_VERSION = 1;
				DEVELOPMENT_TEAM = T7283TTLGQ;
				GENERATE_INFOPLIST_FILE = YES;
				MARKETING_VERSION = 1.0;
				PRODUCT_BUNDLE_IDENTIFIER = "com.ricardoherrera.IOS-Code-ChallengeUITests";
				PRODUCT_NAME = "$(TARGET_NAME)";
				SWIFT_EMIT_LOC_STRINGS = NO;
				SWIFT_VERSION = 5.0;
				TARGETED_DEVICE_FAMILY = "1,2";
				TEST_TARGET_NAME = "IOS Code Challenge";
			};
			name = Debug;
		};
		D047ACA12BC9F3D900F3D3AB /* Release */ = {
			isa = XCBuildConfiguration;
			buildSettings = {
				ALWAYS_EMBED_SWIFT_STANDARD_LIBRARIES = YES;
				CODE_SIGN_STYLE = Automatic;
				CURRENT_PROJECT_VERSION = 1;
				DEVELOPMENT_TEAM = T7283TTLGQ;
				GENERATE_INFOPLIST_FILE = YES;
				MARKETING_VERSION = 1.0;
				PRODUCT_BUNDLE_IDENTIFIER = "com.ricardoherrera.IOS-Code-ChallengeUITests";
				PRODUCT_NAME = "$(TARGET_NAME)";
				SWIFT_EMIT_LOC_STRINGS = NO;
				SWIFT_VERSION = 5.0;
				TARGETED_DEVICE_FAMILY = "1,2";
				TEST_TARGET_NAME = "IOS Code Challenge";
			};
			name = Release;
		};
/* End XCBuildConfiguration section */

/* Begin XCConfigurationList section */
		D047AC702BC9F3D800F3D3AB /* Build configuration list for PBXProject "IOS Code Challenge" */ = {
			isa = XCConfigurationList;
			buildConfigurations = (
				D047AC972BC9F3D900F3D3AB /* Debug */,
				D047AC982BC9F3D900F3D3AB /* Release */,
			);
			defaultConfigurationIsVisible = 0;
			defaultConfigurationName = Release;
		};
		D047AC992BC9F3D900F3D3AB /* Build configuration list for PBXNativeTarget "IOS Code Challenge" */ = {
			isa = XCConfigurationList;
			buildConfigurations = (
				D047AC9A2BC9F3D900F3D3AB /* Debug */,
				D047AC9B2BC9F3D900F3D3AB /* Release */,
			);
			defaultConfigurationIsVisible = 0;
			defaultConfigurationName = Release;
		};
		D047AC9C2BC9F3D900F3D3AB /* Build configuration list for PBXNativeTarget "IOS Code ChallengeTests" */ = {
			isa = XCConfigurationList;
			buildConfigurations = (
				D047AC9D2BC9F3D900F3D3AB /* Debug */,
				D047AC9E2BC9F3D900F3D3AB /* Release */,
			);
			defaultConfigurationIsVisible = 0;
			defaultConfigurationName = Release;
		};
		D047AC9F2BC9F3D900F3D3AB /* Build configuration list for PBXNativeTarget "IOS Code ChallengeUITests" */ = {
			isa = XCConfigurationList;
			buildConfigurations = (
				D047ACA02BC9F3D900F3D3AB /* Debug */,
				D047ACA12BC9F3D900F3D3AB /* Release */,
			);
			defaultConfigurationIsVisible = 0;
			defaultConfigurationName = Release;
		};
/* End XCConfigurationList section */
	};
	rootObject = D047AC6D2BC9F3D800F3D3AB /* Project object */;
}
